
Microsoft Visual Studio Solution File, Format Version 12.00
# Visual Studio Version 16
VisualStudioVersion = 16.0.31112.23
MinimumVisualStudioVersion = 10.0.40219.1
Project("{FAE04EC0-301F-11D3-BF4B-00C04F79EFBC}") = "MultiThread4", "MultiThread4\MultiThread4.csproj", "{4D0DBB40-29C4-4B3F-9022-8D49F018B388}"
EndProject
Global
	GlobalSection(SolutionConfigurationPlatforms) = preSolution
		Debug|Any CPU = Debug|Any CPU
		Release|Any CPU = Release|Any CPU
	EndGlobalSection
	GlobalSection(ProjectConfigurationPlatforms) = postSolution
		{4D0DBB40-29C4-4B3F-9022-8D49F018B388}.Debug|Any CPU.ActiveCfg = Debug|Any CPU
		{4D0DBB40-29C4-4B3F-9022-8D49F018B388}.Debug|Any CPU.Build.0 = Debug|Any CPU
		{4D0DBB40-29C4-4B3F-9022-8D49F018B388}.Release|Any CPU.ActiveCfg = Release|Any CPU
		{4D0DBB40-29C4-4B3F-9022-8D49F018B388}.Release|Any CPU.Build.0 = Release|Any CPU
	EndGlobalSection
	GlobalSection(SolutionProperties) = preSolution
		HideSolutionNode = FALSE
	EndGlobalSection
	GlobalSection(ExtensibilityGlobals) = postSolution
		SolutionGuid = {64EC4897-523C-49C6-9C0A-226B465EAF72}
	EndGlobalSection
EndGlobal
